// !$*UTF8*$!
{
	archiveVersion = 1;
	classes = {
	};
	objectVersion = 46;
	objects = {

/* Begin PBXBuildFile section */
		0F734207183725390009F041 /* GLVXWindowController.mm in Sources */ = {isa = PBXBuildFile; fileRef = 0F734205183725390009F041 /* GLVXWindowController.mm */; };
		0F734208183725390009F041 /* GLVXWindow.xib in Resources */ = {isa = PBXBuildFile; fileRef = 0F734206183725390009F041 /* GLVXWindow.xib */; };
		0F73420A183729E20009F041 /* main.m in Sources */ = {isa = PBXBuildFile; fileRef = 0F734209183729E20009F041 /* main.m */; };
		0F73420F18375D8A0009F041 /* Widgets.cpp in Sources */ = {isa = PBXBuildFile; fileRef = 0F73420D18375D8A0009F041 /* Widgets.cpp */; };
		0F73421218375FE40009F041 /* Text.cpp in Sources */ = {isa = PBXBuildFile; fileRef = 0F73421018375FE40009F041 /* Text.cpp */; };
		0F8541A518362A4200B3BFDA /* Cocoa.framework in Frameworks */ = {isa = PBXBuildFile; fileRef = 0F8541A418362A4200B3BFDA /* Cocoa.framework */; };
		0F8541AF18362A4200B3BFDA /* InfoPlist.strings in Resources */ = {isa = PBXBuildFile; fileRef = 0F8541AD18362A4200B3BFDA /* InfoPlist.strings */; };
		0F8541B818362A4200B3BFDA /* GLVXAppDelegate.m in Sources */ = {isa = PBXBuildFile; fileRef = 0F8541B718362A4200B3BFDA /* GLVXAppDelegate.m */; };
		0F8541BB18362A4200B3BFDA /* MainMenu.xib in Resources */ = {isa = PBXBuildFile; fileRef = 0F8541B918362A4200B3BFDA /* MainMenu.xib */; };
		0F8541BD18362A4200B3BFDA /* Images.xcassets in Resources */ = {isa = PBXBuildFile; fileRef = 0F8541BC18362A4200B3BFDA /* Images.xcassets */; };
		0F85420C18362A9700B3BFDA /* glv_buttons.cpp in Sources */ = {isa = PBXBuildFile; fileRef = 0F8541F518362A9600B3BFDA /* glv_buttons.cpp */; };
		0F85420D18362A9700B3BFDA /* glv_color.cpp in Sources */ = {isa = PBXBuildFile; fileRef = 0F8541F618362A9600B3BFDA /* glv_color.cpp */; };
		0F85420E18362A9700B3BFDA /* glv_color_controls.cpp in Sources */ = {isa = PBXBuildFile; fileRef = 0F8541F718362A9600B3BFDA /* glv_color_controls.cpp */; };
		0F85420F18362A9700B3BFDA /* glv_core.cpp in Sources */ = {isa = PBXBuildFile; fileRef = 0F8541F818362A9600B3BFDA /* glv_core.cpp */; };
		0F85421018362A9700B3BFDA /* glv_draw.cpp in Sources */ = {isa = PBXBuildFile; fileRef = 0F8541F918362A9600B3BFDA /* glv_draw.cpp */; };
		0F85421118362A9700B3BFDA /* glv_font.cpp in Sources */ = {isa = PBXBuildFile; fileRef = 0F8541FA18362A9600B3BFDA /* glv_font.cpp */; };
		0F85421218362A9700B3BFDA /* glv_glv.cpp in Sources */ = {isa = PBXBuildFile; fileRef = 0F8541FB18362A9600B3BFDA /* glv_glv.cpp */; };
		0F85421318362A9700B3BFDA /* glv_grid.cpp in Sources */ = {isa = PBXBuildFile; fileRef = 0F8541FC18362A9600B3BFDA /* glv_grid.cpp */; };
		0F85421418362A9700B3BFDA /* glv_inputdevice.cpp in Sources */ = {isa = PBXBuildFile; fileRef = 0F8541FD18362A9600B3BFDA /* glv_inputdevice.cpp */; };
		0F85421518362A9700B3BFDA /* glv_layout.cpp in Sources */ = {isa = PBXBuildFile; fileRef = 0F8541FE18362A9600B3BFDA /* glv_layout.cpp */; };
		0F85421618362A9700B3BFDA /* glv_model.cpp in Sources */ = {isa = PBXBuildFile; fileRef = 0F8541FF18362A9600B3BFDA /* glv_model.cpp */; };
		0F85421718362A9700B3BFDA /* glv_notification.cpp in Sources */ = {isa = PBXBuildFile; fileRef = 0F85420018362A9600B3BFDA /* glv_notification.cpp */; };
		0F85421818362A9700B3BFDA /* glv_plots.cpp in Sources */ = {isa = PBXBuildFile; fileRef = 0F85420118362A9600B3BFDA /* glv_plots.cpp */; };
		0F85421918362A9700B3BFDA /* glv_preset_controls.cpp in Sources */ = {isa = PBXBuildFile; fileRef = 0F85420218362A9600B3BFDA /* glv_preset_controls.cpp */; };
		0F85421A18362A9700B3BFDA /* glv_sliders.cpp in Sources */ = {isa = PBXBuildFile; fileRef = 0F85420318362A9600B3BFDA /* glv_sliders.cpp */; };
		0F85421B18362A9700B3BFDA /* glv_sono.cpp in Sources */ = {isa = PBXBuildFile; fileRef = 0F85420418362A9600B3BFDA /* glv_sono.cpp */; };
		0F85421C18362A9700B3BFDA /* glv_texture.cpp in Sources */ = {isa = PBXBuildFile; fileRef = 0F85420518362A9600B3BFDA /* glv_texture.cpp */; };
		0F85421D18362A9700B3BFDA /* glv_textview.cpp in Sources */ = {isa = PBXBuildFile; fileRef = 0F85420618362A9600B3BFDA /* glv_textview.cpp */; };
		0F85421E18362A9700B3BFDA /* glv_view.cpp in Sources */ = {isa = PBXBuildFile; fileRef = 0F85420718362A9600B3BFDA /* glv_view.cpp */; };
		0F85421F18362A9700B3BFDA /* glv_view3D.cpp in Sources */ = {isa = PBXBuildFile; fileRef = 0F85420818362A9600B3BFDA /* glv_view3D.cpp */; };
		0F85422018362A9700B3BFDA /* glv_widget.cpp in Sources */ = {isa = PBXBuildFile; fileRef = 0F85420918362A9600B3BFDA /* glv_widget.cpp */; };
		0F85422218362B0A00B3BFDA /* OpenGL.framework in Frameworks */ = {isa = PBXBuildFile; fileRef = 0F85422118362B0A00B3BFDA /* OpenGL.framework */; };
		0F85422718362F5900B3BFDA /* GLVXView.mm in Sources */ = {isa = PBXBuildFile; fileRef = 0F85422618362F5900B3BFDA /* GLVXView.mm */; };
		0F85422A1836300200B3BFDA /* CoreVideo.framework in Frameworks */ = {isa = PBXBuildFile; fileRef = 0F8542291836300200B3BFDA /* CoreVideo.framework */; };
/* End PBXBuildFile section */

/* Begin PBXFileReference section */
		0F734204183725390009F041 /* GLVXWindowController.h */ = {isa = PBXFileReference; fileEncoding = 4; lastKnownFileType = sourcecode.c.h; path = GLVXWindowController.h; sourceTree = "<group>"; };
		0F734205183725390009F041 /* GLVXWindowController.mm */ = {isa = PBXFileReference; fileEncoding = 4; lastKnownFileType = sourcecode.cpp.objcpp; path = GLVXWindowController.mm; sourceTree = "<group>"; };
		0F734206183725390009F041 /* GLVXWindow.xib */ = {isa = PBXFileReference; fileEncoding = 4; lastKnownFileType = file.xib; path = GLVXWindow.xib; sourceTree = "<group>"; };
		0F734209183729E20009F041 /* main.m */ = {isa = PBXFileReference; fileEncoding = 4; lastKnownFileType = sourcecode.c.objc; path = main.m; sourceTree = "<group>"; };
		0F73420B18374DD70009F041 /* GLVX.h */ = {isa = PBXFileReference; lastKnownFileType = sourcecode.c.h; path = GLVX.h; sourceTree = "<group>"; };
		0F73420D18375D8A0009F041 /* Widgets.cpp */ = {isa = PBXFileReference; fileEncoding = 4; lastKnownFileType = sourcecode.cpp.cpp; name = Widgets.cpp; path = GLVX/Examples/Widgets.cpp; sourceTree = "<group>"; };
		0F73420E18375D8A0009F041 /* TestViews.h */ = {isa = PBXFileReference; fileEncoding = 4; lastKnownFileType = sourcecode.c.h; name = TestViews.h; path = GLVX/Examples/TestViews.h; sourceTree = "<group>"; };
		0F73421018375FE40009F041 /* Text.cpp */ = {isa = PBXFileReference; fileEncoding = 4; lastKnownFileType = sourcecode.cpp.cpp; name = Text.cpp; path = GLVX/Examples/Text.cpp; sourceTree = "<group>"; };
		0F8541A118362A4200B3BFDA /* GLVX.app */ = {isa = PBXFileReference; explicitFileType = wrapper.application; includeInIndex = 0; path = GLVX.app; sourceTree = BUILT_PRODUCTS_DIR; };
		0F8541A418362A4200B3BFDA /* Cocoa.framework */ = {isa = PBXFileReference; lastKnownFileType = wrapper.framework; name = Cocoa.framework; path = System/Library/Frameworks/Cocoa.framework; sourceTree = SDKROOT; };
		0F8541A718362A4200B3BFDA /* AppKit.framework */ = {isa = PBXFileReference; lastKnownFileType = wrapper.framework; name = AppKit.framework; path = System/Library/Frameworks/AppKit.framework; sourceTree = SDKROOT; };
		0F8541A818362A4200B3BFDA /* CoreData.framework */ = {isa = PBXFileReference; lastKnownFileType = wrapper.framework; name = CoreData.framework; path = System/Library/Frameworks/CoreData.framework; sourceTree = SDKROOT; };
		0F8541A918362A4200B3BFDA /* Foundation.framework */ = {isa = PBXFileReference; lastKnownFileType = wrapper.framework; name = Foundation.framework; path = System/Library/Frameworks/Foundation.framework; sourceTree = SDKROOT; };
		0F8541AC18362A4200B3BFDA /* GLVX-Info.plist */ = {isa = PBXFileReference; lastKnownFileType = text.plist.xml; path = "GLVX-Info.plist"; sourceTree = "<group>"; };
		0F8541AE18362A4200B3BFDA /* en */ = {isa = PBXFileReference; lastKnownFileType = text.plist.strings; name = en; path = en.lproj/InfoPlist.strings; sourceTree = "<group>"; };
		0F8541B218362A4200B3BFDA /* GLVX-Prefix.pch */ = {isa = PBXFileReference; lastKnownFileType = sourcecode.c.h; path = "GLVX-Prefix.pch"; sourceTree = "<group>"; };
		0F8541B618362A4200B3BFDA /* GLVXAppDelegate.h */ = {isa = PBXFileReference; lastKnownFileType = sourcecode.c.h; path = GLVXAppDelegate.h; sourceTree = "<group>"; };
		0F8541B718362A4200B3BFDA /* GLVXAppDelegate.m */ = {isa = PBXFileReference; lastKnownFileType = sourcecode.c.objc; path = GLVXAppDelegate.m; sourceTree = "<group>"; };
		0F8541BA18362A4200B3BFDA /* Base */ = {isa = PBXFileReference; lastKnownFileType = file.xib; name = Base; path = Base.lproj/MainMenu.xib; sourceTree = "<group>"; };
		0F8541BC18362A4200B3BFDA /* Images.xcassets */ = {isa = PBXFileReference; lastKnownFileType = folder.assetcatalog; path = Images.xcassets; sourceTree = "<group>"; };
		0F8541C318362A4300B3BFDA /* XCTest.framework */ = {isa = PBXFileReference; lastKnownFileType = wrapper.framework; name = XCTest.framework; path = Library/Frameworks/XCTest.framework; sourceTree = DEVELOPER_DIR; };
		0F8541D918362A6700B3BFDA /* glv.h */ = {isa = PBXFileReference; fileEncoding = 4; lastKnownFileType = sourcecode.c.h; path = glv.h; sourceTree = "<group>"; };
		0F8541DA18362A6700B3BFDA /* glv_behavior.h */ = {isa = PBXFileReference; fileEncoding = 4; lastKnownFileType = sourcecode.c.h; path = glv_behavior.h; sourceTree = "<group>"; };
		0F8541DC18362A6700B3BFDA /* glv_buttons.h */ = {isa = PBXFileReference; fileEncoding = 4; lastKnownFileType = sourcecode.c.h; path = glv_buttons.h; sourceTree = "<group>"; };
		0F8541DD18362A6700B3BFDA /* glv_color.h */ = {isa = PBXFileReference; fileEncoding = 4; lastKnownFileType = sourcecode.c.h; path = glv_color.h; sourceTree = "<group>"; };
		0F8541DE18362A6700B3BFDA /* glv_color_controls.h */ = {isa = PBXFileReference; fileEncoding = 4; lastKnownFileType = sourcecode.c.h; path = glv_color_controls.h; sourceTree = "<group>"; };
		0F8541DF18362A6700B3BFDA /* glv_conf.h */ = {isa = PBXFileReference; fileEncoding = 4; lastKnownFileType = sourcecode.c.h; path = glv_conf.h; sourceTree = "<group>"; };
		0F8541E018362A6700B3BFDA /* glv_core.h */ = {isa = PBXFileReference; fileEncoding = 4; lastKnownFileType = sourcecode.c.h; path = glv_core.h; sourceTree = "<group>"; };
		0F8541E118362A6700B3BFDA /* glv_draw.h */ = {isa = PBXFileReference; fileEncoding = 4; lastKnownFileType = sourcecode.c.h; path = glv_draw.h; sourceTree = "<group>"; };
		0F8541E218362A6700B3BFDA /* glv_font.h */ = {isa = PBXFileReference; fileEncoding = 4; lastKnownFileType = sourcecode.c.h; path = glv_font.h; sourceTree = "<group>"; };
		0F8541E318362A6700B3BFDA /* glv_grid.h */ = {isa = PBXFileReference; fileEncoding = 4; lastKnownFileType = sourcecode.c.h; path = glv_grid.h; sourceTree = "<group>"; };
		0F8541E418362A6700B3BFDA /* glv_icon.h */ = {isa = PBXFileReference; fileEncoding = 4; lastKnownFileType = sourcecode.c.h; path = glv_icon.h; sourceTree = "<group>"; };
		0F8541E518362A6700B3BFDA /* glv_layout.h */ = {isa = PBXFileReference; fileEncoding = 4; lastKnownFileType = sourcecode.c.h; path = glv_layout.h; sourceTree = "<group>"; };
		0F8541E618362A6700B3BFDA /* glv_model.h */ = {isa = PBXFileReference; fileEncoding = 4; lastKnownFileType = sourcecode.c.h; path = glv_model.h; sourceTree = "<group>"; };
		0F8541E718362A6700B3BFDA /* glv_notification.h */ = {isa = PBXFileReference; fileEncoding = 4; lastKnownFileType = sourcecode.c.h; path = glv_notification.h; sourceTree = "<group>"; };
		0F8541E818362A6700B3BFDA /* glv_plots.h */ = {isa = PBXFileReference; fileEncoding = 4; lastKnownFileType = sourcecode.c.h; path = glv_plots.h; sourceTree = "<group>"; };
		0F8541E918362A6700B3BFDA /* glv_preset_controls.h */ = {isa = PBXFileReference; fileEncoding = 4; lastKnownFileType = sourcecode.c.h; path = glv_preset_controls.h; sourceTree = "<group>"; };
		0F8541EA18362A6700B3BFDA /* glv_rect.h */ = {isa = PBXFileReference; fileEncoding = 4; lastKnownFileType = sourcecode.c.h; path = glv_rect.h; sourceTree = "<group>"; };
		0F8541EB18362A6700B3BFDA /* glv_sliders.h */ = {isa = PBXFileReference; fileEncoding = 4; lastKnownFileType = sourcecode.c.h; path = glv_sliders.h; sourceTree = "<group>"; };
		0F8541EC18362A6700B3BFDA /* glv_sono.h */ = {isa = PBXFileReference; fileEncoding = 4; lastKnownFileType = sourcecode.c.h; path = glv_sono.h; sourceTree = "<group>"; };
		0F8541ED18362A6700B3BFDA /* glv_texture.h */ = {isa = PBXFileReference; fileEncoding = 4; lastKnownFileType = sourcecode.c.h; path = glv_texture.h; sourceTree = "<group>"; };
		0F8541EE18362A6700B3BFDA /* glv_textview.h */ = {isa = PBXFileReference; fileEncoding = 4; lastKnownFileType = sourcecode.c.h; path = glv_textview.h; sourceTree = "<group>"; };
		0F8541EF18362A6700B3BFDA /* glv_util.h */ = {isa = PBXFileReference; fileEncoding = 4; lastKnownFileType = sourcecode.c.h; path = glv_util.h; sourceTree = "<group>"; };
		0F8541F018362A6700B3BFDA /* glv_view3D.h */ = {isa = PBXFileReference; fileEncoding = 4; lastKnownFileType = sourcecode.c.h; path = glv_view3D.h; sourceTree = "<group>"; };
		0F8541F118362A6700B3BFDA /* glv_widget.h */ = {isa = PBXFileReference; fileEncoding = 4; lastKnownFileType = sourcecode.c.h; path = glv_widget.h; sourceTree = "<group>"; };
		0F8541F518362A9600B3BFDA /* glv_buttons.cpp */ = {isa = PBXFileReference; fileEncoding = 4; lastKnownFileType = sourcecode.cpp.cpp; path = glv_buttons.cpp; sourceTree = "<group>"; };
		0F8541F618362A9600B3BFDA /* glv_color.cpp */ = {isa = PBXFileReference; fileEncoding = 4; lastKnownFileType = sourcecode.cpp.cpp; path = glv_color.cpp; sourceTree = "<group>"; };
		0F8541F718362A9600B3BFDA /* glv_color_controls.cpp */ = {isa = PBXFileReference; fileEncoding = 4; lastKnownFileType = sourcecode.cpp.cpp; path = glv_color_controls.cpp; sourceTree = "<group>"; };
		0F8541F818362A9600B3BFDA /* glv_core.cpp */ = {isa = PBXFileReference; fileEncoding = 4; lastKnownFileType = sourcecode.cpp.cpp; path = glv_core.cpp; sourceTree = "<group>"; };
		0F8541F918362A9600B3BFDA /* glv_draw.cpp */ = {isa = PBXFileReference; fileEncoding = 4; lastKnownFileType = sourcecode.cpp.cpp; path = glv_draw.cpp; sourceTree = "<group>"; };
		0F8541FA18362A9600B3BFDA /* glv_font.cpp */ = {isa = PBXFileReference; fileEncoding = 4; lastKnownFileType = sourcecode.cpp.cpp; path = glv_font.cpp; sourceTree = "<group>"; };
		0F8541FB18362A9600B3BFDA /* glv_glv.cpp */ = {isa = PBXFileReference; fileEncoding = 4; lastKnownFileType = sourcecode.cpp.cpp; path = glv_glv.cpp; sourceTree = "<group>"; };
		0F8541FC18362A9600B3BFDA /* glv_grid.cpp */ = {isa = PBXFileReference; fileEncoding = 4; lastKnownFileType = sourcecode.cpp.cpp; path = glv_grid.cpp; sourceTree = "<group>"; };
		0F8541FD18362A9600B3BFDA /* glv_inputdevice.cpp */ = {isa = PBXFileReference; fileEncoding = 4; lastKnownFileType = sourcecode.cpp.cpp; path = glv_inputdevice.cpp; sourceTree = "<group>"; };
		0F8541FE18362A9600B3BFDA /* glv_layout.cpp */ = {isa = PBXFileReference; fileEncoding = 4; lastKnownFileType = sourcecode.cpp.cpp; path = glv_layout.cpp; sourceTree = "<group>"; };
		0F8541FF18362A9600B3BFDA /* glv_model.cpp */ = {isa = PBXFileReference; fileEncoding = 4; lastKnownFileType = sourcecode.cpp.cpp; path = glv_model.cpp; sourceTree = "<group>"; };
		0F85420018362A9600B3BFDA /* glv_notification.cpp */ = {isa = PBXFileReference; fileEncoding = 4; lastKnownFileType = sourcecode.cpp.cpp; path = glv_notification.cpp; sourceTree = "<group>"; };
		0F85420118362A9600B3BFDA /* glv_plots.cpp */ = {isa = PBXFileReference; fileEncoding = 4; lastKnownFileType = sourcecode.cpp.cpp; path = glv_plots.cpp; sourceTree = "<group>"; };
		0F85420218362A9600B3BFDA /* glv_preset_controls.cpp */ = {isa = PBXFileReference; fileEncoding = 4; lastKnownFileType = sourcecode.cpp.cpp; path = glv_preset_controls.cpp; sourceTree = "<group>"; };
		0F85420318362A9600B3BFDA /* glv_sliders.cpp */ = {isa = PBXFileReference; fileEncoding = 4; lastKnownFileType = sourcecode.cpp.cpp; path = glv_sliders.cpp; sourceTree = "<group>"; };
		0F85420418362A9600B3BFDA /* glv_sono.cpp */ = {isa = PBXFileReference; fileEncoding = 4; lastKnownFileType = sourcecode.cpp.cpp; path = glv_sono.cpp; sourceTree = "<group>"; };
		0F85420518362A9600B3BFDA /* glv_texture.cpp */ = {isa = PBXFileReference; fileEncoding = 4; lastKnownFileType = sourcecode.cpp.cpp; path = glv_texture.cpp; sourceTree = "<group>"; };
		0F85420618362A9600B3BFDA /* glv_textview.cpp */ = {isa = PBXFileReference; fileEncoding = 4; lastKnownFileType = sourcecode.cpp.cpp; path = glv_textview.cpp; sourceTree = "<group>"; };
		0F85420718362A9600B3BFDA /* glv_view.cpp */ = {isa = PBXFileReference; fileEncoding = 4; lastKnownFileType = sourcecode.cpp.cpp; path = glv_view.cpp; sourceTree = "<group>"; };
		0F85420818362A9600B3BFDA /* glv_view3D.cpp */ = {isa = PBXFileReference; fileEncoding = 4; lastKnownFileType = sourcecode.cpp.cpp; path = glv_view3D.cpp; sourceTree = "<group>"; };
		0F85420918362A9600B3BFDA /* glv_widget.cpp */ = {isa = PBXFileReference; fileEncoding = 4; lastKnownFileType = sourcecode.cpp.cpp; path = glv_widget.cpp; sourceTree = "<group>"; };
		0F85422118362B0A00B3BFDA /* OpenGL.framework */ = {isa = PBXFileReference; lastKnownFileType = wrapper.framework; name = OpenGL.framework; path = System/Library/Frameworks/OpenGL.framework; sourceTree = SDKROOT; };
		0F85422518362F5900B3BFDA /* GLVXView.h */ = {isa = PBXFileReference; fileEncoding = 4; lastKnownFileType = sourcecode.c.h; path = GLVXView.h; sourceTree = "<group>"; };
		0F85422618362F5900B3BFDA /* GLVXView.mm */ = {isa = PBXFileReference; fileEncoding = 4; lastKnownFileType = sourcecode.cpp.objcpp; path = GLVXView.mm; sourceTree = "<group>"; };
		0F8542291836300200B3BFDA /* CoreVideo.framework */ = {isa = PBXFileReference; lastKnownFileType = wrapper.framework; name = CoreVideo.framework; path = System/Library/Frameworks/CoreVideo.framework; sourceTree = SDKROOT; };
/* End PBXFileReference section */

/* Begin PBXFrameworksBuildPhase section */
		0F85419E18362A4200B3BFDA /* Frameworks */ = {
			isa = PBXFrameworksBuildPhase;
			buildActionMask = 2147483647;
			files = (
				0F85422A1836300200B3BFDA /* CoreVideo.framework in Frameworks */,
				0F85422218362B0A00B3BFDA /* OpenGL.framework in Frameworks */,
				0F8541A518362A4200B3BFDA /* Cocoa.framework in Frameworks */,
			);
			runOnlyForDeploymentPostprocessing = 0;
		};
/* End PBXFrameworksBuildPhase section */

/* Begin PBXGroup section */
		0F73420C18375D4F0009F041 /* Examples */ = {
			isa = PBXGroup;
			children = (
				0F73420E18375D8A0009F041 /* TestViews.h */,
				0F73421018375FE40009F041 /* Text.cpp */,
				0F73420D18375D8A0009F041 /* Widgets.cpp */,
			);
			name = Examples;
			sourceTree = "<group>";
		};
		0F85419818362A4200B3BFDA = {
			isa = PBXGroup;
			children = (
				0F73420C18375D4F0009F041 /* Examples */,
				0F8541D818362A6700B3BFDA /* GLV */,
				0F8541AA18362A4200B3BFDA /* GLVX */,
				0F8541A318362A4200B3BFDA /* Frameworks */,
				0F8541A218362A4200B3BFDA /* Products */,
			);
			sourceTree = "<group>";
		};
		0F8541A218362A4200B3BFDA /* Products */ = {
			isa = PBXGroup;
			children = (
				0F8541A118362A4200B3BFDA /* GLVX.app */,
			);
			name = Products;
			sourceTree = "<group>";
		};
		0F8541A318362A4200B3BFDA /* Frameworks */ = {
			isa = PBXGroup;
			children = (
				0F8542291836300200B3BFDA /* CoreVideo.framework */,
				0F85422118362B0A00B3BFDA /* OpenGL.framework */,
				0F8541A418362A4200B3BFDA /* Cocoa.framework */,
				0F8541C318362A4300B3BFDA /* XCTest.framework */,
				0F8541A618362A4200B3BFDA /* Other Frameworks */,
			);
			name = Frameworks;
			sourceTree = "<group>";
		};
		0F8541A618362A4200B3BFDA /* Other Frameworks */ = {
			isa = PBXGroup;
			children = (
				0F8541A718362A4200B3BFDA /* AppKit.framework */,
				0F8541A818362A4200B3BFDA /* CoreData.framework */,
				0F8541A918362A4200B3BFDA /* Foundation.framework */,
			);
			name = "Other Frameworks";
			sourceTree = "<group>";
		};
		0F8541AA18362A4200B3BFDA /* GLVX */ = {
			isa = PBXGroup;
			children = (
				0F8541B618362A4200B3BFDA /* GLVXAppDelegate.h */,
				0F8541B718362A4200B3BFDA /* GLVXAppDelegate.m */,
				0F8541B918362A4200B3BFDA /* MainMenu.xib */,
				0F8541BC18362A4200B3BFDA /* Images.xcassets */,
				0F8541AB18362A4200B3BFDA /* Supporting Files */,
				0F85422518362F5900B3BFDA /* GLVXView.h */,
				0F85422618362F5900B3BFDA /* GLVXView.mm */,
				0F734204183725390009F041 /* GLVXWindowController.h */,
				0F734205183725390009F041 /* GLVXWindowController.mm */,
				0F734206183725390009F041 /* GLVXWindow.xib */,
				0F73420B18374DD70009F041 /* GLVX.h */,
			);
			path = GLVX;
			sourceTree = "<group>";
		};
		0F8541AB18362A4200B3BFDA /* Supporting Files */ = {
			isa = PBXGroup;
			children = (
				0F734209183729E20009F041 /* main.m */,
				0F8541AC18362A4200B3BFDA /* GLVX-Info.plist */,
				0F8541AD18362A4200B3BFDA /* InfoPlist.strings */,
				0F8541B218362A4200B3BFDA /* GLVX-Prefix.pch */,
			);
			name = "Supporting Files";
			sourceTree = "<group>";
		};
		0F8541D818362A6700B3BFDA /* GLV */ = {
			isa = PBXGroup;
			children = (
				0F8541F218362A9600B3BFDA /* src */,
				0F8541D918362A6700B3BFDA /* glv.h */,
				0F8541DA18362A6700B3BFDA /* glv_behavior.h */,
				0F8541DC18362A6700B3BFDA /* glv_buttons.h */,
				0F8541DD18362A6700B3BFDA /* glv_color.h */,
				0F8541DE18362A6700B3BFDA /* glv_color_controls.h */,
				0F8541DF18362A6700B3BFDA /* glv_conf.h */,
				0F8541E018362A6700B3BFDA /* glv_core.h */,
				0F8541E118362A6700B3BFDA /* glv_draw.h */,
				0F8541E218362A6700B3BFDA /* glv_font.h */,
				0F8541E318362A6700B3BFDA /* glv_grid.h */,
				0F8541E418362A6700B3BFDA /* glv_icon.h */,
				0F8541E518362A6700B3BFDA /* glv_layout.h */,
				0F8541E618362A6700B3BFDA /* glv_model.h */,
				0F8541E718362A6700B3BFDA /* glv_notification.h */,
				0F8541E818362A6700B3BFDA /* glv_plots.h */,
				0F8541E918362A6700B3BFDA /* glv_preset_controls.h */,
				0F8541EA18362A6700B3BFDA /* glv_rect.h */,
				0F8541EB18362A6700B3BFDA /* glv_sliders.h */,
				0F8541EC18362A6700B3BFDA /* glv_sono.h */,
				0F8541ED18362A6700B3BFDA /* glv_texture.h */,
				0F8541EE18362A6700B3BFDA /* glv_textview.h */,
				0F8541EF18362A6700B3BFDA /* glv_util.h */,
				0F8541F018362A6700B3BFDA /* glv_view3D.h */,
				0F8541F118362A6700B3BFDA /* glv_widget.h */,
			);
			path = GLV;
			sourceTree = "<group>";
		};
		0F8541F218362A9600B3BFDA /* src */ = {
			isa = PBXGroup;
			children = (
				0F8541F518362A9600B3BFDA /* glv_buttons.cpp */,
				0F8541F618362A9600B3BFDA /* glv_color.cpp */,
				0F8541F718362A9600B3BFDA /* glv_color_controls.cpp */,
				0F8541F818362A9600B3BFDA /* glv_core.cpp */,
				0F8541F918362A9600B3BFDA /* glv_draw.cpp */,
				0F8541FA18362A9600B3BFDA /* glv_font.cpp */,
				0F8541FB18362A9600B3BFDA /* glv_glv.cpp */,
				0F8541FC18362A9600B3BFDA /* glv_grid.cpp */,
				0F8541FD18362A9600B3BFDA /* glv_inputdevice.cpp */,
				0F8541FE18362A9600B3BFDA /* glv_layout.cpp */,
				0F8541FF18362A9600B3BFDA /* glv_model.cpp */,
				0F85420018362A9600B3BFDA /* glv_notification.cpp */,
				0F85420118362A9600B3BFDA /* glv_plots.cpp */,
				0F85420218362A9600B3BFDA /* glv_preset_controls.cpp */,
				0F85420318362A9600B3BFDA /* glv_sliders.cpp */,
				0F85420418362A9600B3BFDA /* glv_sono.cpp */,
				0F85420518362A9600B3BFDA /* glv_texture.cpp */,
				0F85420618362A9600B3BFDA /* glv_textview.cpp */,
				0F85420718362A9600B3BFDA /* glv_view.cpp */,
				0F85420818362A9600B3BFDA /* glv_view3D.cpp */,
				0F85420918362A9600B3BFDA /* glv_widget.cpp */,
			);
			path = src;
			sourceTree = "<group>";
		};
/* End PBXGroup section */

/* Begin PBXNativeTarget section */
		0F8541A018362A4200B3BFDA /* GLVX */ = {
			isa = PBXNativeTarget;
			buildConfigurationList = 0F8541D218362A4300B3BFDA /* Build configuration list for PBXNativeTarget "GLVX" */;
			buildPhases = (
				0F85419D18362A4200B3BFDA /* Sources */,
				0F85419E18362A4200B3BFDA /* Frameworks */,
				0F85419F18362A4200B3BFDA /* Resources */,
			);
			buildRules = (
			);
			dependencies = (
			);
			name = GLVX;
			productName = GLVX;
			productReference = 0F8541A118362A4200B3BFDA /* GLVX.app */;
			productType = "com.apple.product-type.application";
		};
/* End PBXNativeTarget section */

/* Begin PBXProject section */
		0F85419918362A4200B3BFDA /* Project object */ = {
			isa = PBXProject;
			attributes = {
				CLASSPREFIX = GLVX;
				LastUpgradeCheck = 0500;
				ORGANIZATIONNAME = "Keijiro Takahashi";
			};
			buildConfigurationList = 0F85419C18362A4200B3BFDA /* Build configuration list for PBXProject "GLVX" */;
			compatibilityVersion = "Xcode 3.2";
			developmentRegion = English;
			hasScannedForEncodings = 0;
			knownRegions = (
				en,
				Base,
			);
			mainGroup = 0F85419818362A4200B3BFDA;
			productRefGroup = 0F8541A218362A4200B3BFDA /* Products */;
			projectDirPath = "";
			projectRoot = "";
			targets = (
				0F8541A018362A4200B3BFDA /* GLVX */,
			);
		};
/* End PBXProject section */

/* Begin PBXResourcesBuildPhase section */
		0F85419F18362A4200B3BFDA /* Resources */ = {
			isa = PBXResourcesBuildPhase;
			buildActionMask = 2147483647;
			files = (
				0F8541AF18362A4200B3BFDA /* InfoPlist.strings in Resources */,
				0F8541BD18362A4200B3BFDA /* Images.xcassets in Resources */,
				0F734208183725390009F041 /* GLVXWindow.xib in Resources */,
				0F8541BB18362A4200B3BFDA /* MainMenu.xib in Resources */,
			);
			runOnlyForDeploymentPostprocessing = 0;
		};
/* End PBXResourcesBuildPhase section */

/* Begin PBXSourcesBuildPhase section */
		0F85419D18362A4200B3BFDA /* Sources */ = {
			isa = PBXSourcesBuildPhase;
			buildActionMask = 2147483647;
			files = (
				0F73421218375FE40009F041 /* Text.cpp in Sources */,
				0F85421218362A9700B3BFDA /* glv_glv.cpp in Sources */,
				0F85421F18362A9700B3BFDA /* glv_view3D.cpp in Sources */,
				0F85421D18362A9700B3BFDA /* glv_textview.cpp in Sources */,
				0F85421E18362A9700B3BFDA /* glv_view.cpp in Sources */,
				0F85421418362A9700B3BFDA /* glv_inputdevice.cpp in Sources */,
				0F85422018362A9700B3BFDA /* glv_widget.cpp in Sources */,
				0F85421918362A9700B3BFDA /* glv_preset_controls.cpp in Sources */,
				0F85421A18362A9700B3BFDA /* glv_sliders.cpp in Sources */,
				0F85422718362F5900B3BFDA /* GLVXView.mm in Sources */,
				0F85421718362A9700B3BFDA /* glv_notification.cpp in Sources */,
				0F85421C18362A9700B3BFDA /* glv_texture.cpp in Sources */,
				0F85421318362A9700B3BFDA /* glv_grid.cpp in Sources */,
				0F85421B18362A9700B3BFDA /* glv_sono.cpp in Sources */,
				0F85420E18362A9700B3BFDA /* glv_color_controls.cpp in Sources */,
				0F73420A183729E20009F041 /* main.m in Sources */,
				0F85421618362A9700B3BFDA /* glv_model.cpp in Sources */,
				0F8541B818362A4200B3BFDA /* GLVXAppDelegate.m in Sources */,
				0F85421518362A9700B3BFDA /* glv_layout.cpp in Sources */,
				0F85421018362A9700B3BFDA /* glv_draw.cpp in Sources */,
				0F73420F18375D8A0009F041 /* Widgets.cpp in Sources */,
				0F734207183725390009F041 /* GLVXWindowController.mm in Sources */,
				0F85420D18362A9700B3BFDA /* glv_color.cpp in Sources */,
				0F85421118362A9700B3BFDA /* glv_font.cpp in Sources */,
				0F85421818362A9700B3BFDA /* glv_plots.cpp in Sources */,
				0F85420C18362A9700B3BFDA /* glv_buttons.cpp in Sources */,
				0F85420F18362A9700B3BFDA /* glv_core.cpp in Sources */,
			);
			runOnlyForDeploymentPostprocessing = 0;
		};
/* End PBXSourcesBuildPhase section */

/* Begin PBXVariantGroup section */
		0F8541AD18362A4200B3BFDA /* InfoPlist.strings */ = {
			isa = PBXVariantGroup;
			children = (
				0F8541AE18362A4200B3BFDA /* en */,
			);
			name = InfoPlist.strings;
			sourceTree = "<group>";
		};
		0F8541B918362A4200B3BFDA /* MainMenu.xib */ = {
			isa = PBXVariantGroup;
			children = (
				0F8541BA18362A4200B3BFDA /* Base */,
			);
			name = MainMenu.xib;
			sourceTree = "<group>";
		};
/* End PBXVariantGroup section */

/* Begin XCBuildConfiguration section */
		0F8541D018362A4300B3BFDA /* Debug */ = {
			isa = XCBuildConfiguration;
			buildSettings = {
				ALWAYS_SEARCH_USER_PATHS = NO;
				CLANG_CXX_LANGUAGE_STANDARD = "gnu++0x";
				CLANG_CXX_LIBRARY = "libc++";
				CLANG_ENABLE_OBJC_ARC = YES;
				CLANG_WARN_BOOL_CONVERSION = YES;
				CLANG_WARN_CONSTANT_CONVERSION = YES;
				CLANG_WARN_DIRECT_OBJC_ISA_USAGE = YES_ERROR;
				CLANG_WARN_EMPTY_BODY = YES;
				CLANG_WARN_ENUM_CONVERSION = YES;
				CLANG_WARN_INT_CONVERSION = YES;
				CLANG_WARN_OBJC_ROOT_CLASS = YES_ERROR;
				CLANG_WARN__DUPLICATE_METHOD_MATCH = YES;
				COPY_PHASE_STRIP = NO;
				GCC_C_LANGUAGE_STANDARD = gnu99;
				GCC_DYNAMIC_NO_PIC = NO;
				GCC_ENABLE_OBJC_EXCEPTIONS = YES;
				GCC_OPTIMIZATION_LEVEL = 0;
				GCC_PREPROCESSOR_DEFINITIONS = (
					"DEBUG=1",
					"$(inherited)",
				);
				GCC_SYMBOLS_PRIVATE_EXTERN = NO;
				GCC_WARN_64_TO_32_BIT_CONVERSION = YES;
				GCC_WARN_ABOUT_RETURN_TYPE = YES_ERROR;
				GCC_WARN_UNDECLARED_SELECTOR = YES;
				GCC_WARN_UNINITIALIZED_AUTOS = YES;
				GCC_WARN_UNUSED_FUNCTION = YES;
				GCC_WARN_UNUSED_VARIABLE = YES;
				MACOSX_DEPLOYMENT_TARGET = 10.9;
				ONLY_ACTIVE_ARCH = YES;
				SDKROOT = macosx;
			};
			name = Debug;
		};
		0F8541D118362A4300B3BFDA /* Release */ = {
			isa = XCBuildConfiguration;
			buildSettings = {
				ALWAYS_SEARCH_USER_PATHS = NO;
				CLANG_CXX_LANGUAGE_STANDARD = "gnu++0x";
				CLANG_CXX_LIBRARY = "libc++";
				CLANG_ENABLE_OBJC_ARC = YES;
				CLANG_WARN_BOOL_CONVERSION = YES;
				CLANG_WARN_CONSTANT_CONVERSION = YES;
				CLANG_WARN_DIRECT_OBJC_ISA_USAGE = YES_ERROR;
				CLANG_WARN_EMPTY_BODY = YES;
				CLANG_WARN_ENUM_CONVERSION = YES;
				CLANG_WARN_INT_CONVERSION = YES;
				CLANG_WARN_OBJC_ROOT_CLASS = YES_ERROR;
				CLANG_WARN__DUPLICATE_METHOD_MATCH = YES;
				COPY_PHASE_STRIP = YES;
				DEBUG_INFORMATION_FORMAT = "dwarf-with-dsym";
				ENABLE_NS_ASSERTIONS = NO;
				GCC_C_LANGUAGE_STANDARD = gnu99;
				GCC_ENABLE_OBJC_EXCEPTIONS = YES;
				GCC_WARN_64_TO_32_BIT_CONVERSION = YES;
				GCC_WARN_ABOUT_RETURN_TYPE = YES_ERROR;
				GCC_WARN_UNDECLARED_SELECTOR = YES;
				GCC_WARN_UNINITIALIZED_AUTOS = YES;
				GCC_WARN_UNUSED_FUNCTION = YES;
				GCC_WARN_UNUSED_VARIABLE = YES;
				MACOSX_DEPLOYMENT_TARGET = 10.9;
				SDKROOT = macosx;
			};
			name = Release;
		};
		0F8541D318362A4300B3BFDA /* Debug */ = {
			isa = XCBuildConfiguration;
			buildSettings = {
				ASSETCATALOG_COMPILER_APPICON_NAME = AppIcon;
				COMBINE_HIDPI_IMAGES = YES;
				GCC_PRECOMPILE_PREFIX_HEADER = YES;
				GCC_PREFIX_HEADER = "GLVX/GLVX-Prefix.pch";
				INFOPLIST_FILE = "GLVX/GLVX-Info.plist";
				PRODUCT_NAME = "$(TARGET_NAME)";
				WRAPPER_EXTENSION = app;
			};
			name = Debug;
		};
		0F8541D418362A4300B3BFDA /* Release */ = {
			isa = XCBuildConfiguration;
			buildSettings = {
				ASSETCATALOG_COMPILER_APPICON_NAME = AppIcon;
				COMBINE_HIDPI_IMAGES = YES;
				GCC_PRECOMPILE_PREFIX_HEADER = YES;
				GCC_PREFIX_HEADER = "GLVX/GLVX-Prefix.pch";
				INFOPLIST_FILE = "GLVX/GLVX-Info.plist";
				PRODUCT_NAME = "$(TARGET_NAME)";
				WRAPPER_EXTENSION = app;
			};
			name = Release;
		};
/* End XCBuildConfiguration section */

/* Begin XCConfigurationList section */
		0F85419C18362A4200B3BFDA /* Build configuration list for PBXProject "GLVX" */ = {
			isa = XCConfigurationList;
			buildConfigurations = (
				0F8541D018362A4300B3BFDA /* Debug */,
				0F8541D118362A4300B3BFDA /* Release */,
			);
			defaultConfigurationIsVisible = 0;
			defaultConfigurationName = Release;
		};
		0F8541D218362A4300B3BFDA /* Build configuration list for PBXNativeTarget "GLVX" */ = {
			isa = XCConfigurationList;
			buildConfigurations = (
				0F8541D318362A4300B3BFDA /* Debug */,
				0F8541D418362A4300B3BFDA /* Release */,
			);
			defaultConfigurationIsVisible = 0;
			defaultConfigurationName = Release;
		};
/* End XCConfigurationList section */
	};
	rootObject = 0F85419918362A4200B3BFDA /* Project object */;
}
